// !$*UTF8*$!
{
	archiveVersion = 1;
	classes = {
	};
	objectVersion = 46;
	objects = {

/* Begin PBXBuildFile section */
		6211285B4AF4606D0D537A34 /* libPods-TravelUnitTests.a in Frameworks */ = {isa = PBXBuildFile; fileRef = FD9C8DC72457E9D2EB137796 /* libPods-TravelUnitTests.a */; };
		95E328EC0D7E466F0C97BB6C /* libPods-Travel.a in Frameworks */ = {isa = PBXBuildFile; fileRef = 24502AE3CE805B7AC515435F /* libPods-Travel.a */; };
		EB4AF29D1D69F33B00C25D45 /* BusTrip.swift in Sources */ = {isa = PBXBuildFile; fileRef = EB4AF2991D69F33B00C25D45 /* BusTrip.swift */; };
		EB4AF29E1D69F33B00C25D45 /* FlightTrip.swift in Sources */ = {isa = PBXBuildFile; fileRef = EB4AF29A1D69F33B00C25D45 /* FlightTrip.swift */; };
		EB4AF29F1D69F33B00C25D45 /* TrainTrip.swift in Sources */ = {isa = PBXBuildFile; fileRef = EB4AF29B1D69F33B00C25D45 /* TrainTrip.swift */; };
		EB4AF2A01D69F33B00C25D45 /* Trip.swift in Sources */ = {isa = PBXBuildFile; fileRef = EB4AF29C1D69F33B00C25D45 /* Trip.swift */; };
		EB4AF2A41D69F53700C25D45 /* LocalStorage.swift in Sources */ = {isa = PBXBuildFile; fileRef = EB4AF2A31D69F53700C25D45 /* LocalStorage.swift */; };
		EB4AF2A61D69FA8B00C25D45 /* TripTests.swift in Sources */ = {isa = PBXBuildFile; fileRef = EB4AF2A51D69FA8B00C25D45 /* TripTests.swift */; };
		EB4AF2A71D69FAD900C25D45 /* BusTrip.swift in Sources */ = {isa = PBXBuildFile; fileRef = EB4AF2991D69F33B00C25D45 /* BusTrip.swift */; };
		EB4AF2A81D69FADC00C25D45 /* FlightTrip.swift in Sources */ = {isa = PBXBuildFile; fileRef = EB4AF29A1D69F33B00C25D45 /* FlightTrip.swift */; };
		EB4AF2A91D69FADC00C25D45 /* TrainTrip.swift in Sources */ = {isa = PBXBuildFile; fileRef = EB4AF29B1D69F33B00C25D45 /* TrainTrip.swift */; };
		EB4AF2AA1D69FADC00C25D45 /* Trip.swift in Sources */ = {isa = PBXBuildFile; fileRef = EB4AF29C1D69F33B00C25D45 /* Trip.swift */; };
		EBDBD5D01D685A5A00984EC4 /* Assets.xcassets in Resources */ = {isa = PBXBuildFile; fileRef = EBDBD5CF1D685A5A00984EC4 /* Assets.xcassets */; };
		EBDBD5E11D685C7400984EC4 /* AppDelegate.m in Sources */ = {isa = PBXBuildFile; fileRef = EBDBD5DE1D685C7400984EC4 /* AppDelegate.m */; };
		EBDBD5E21D685C7400984EC4 /* Info.plist in Resources */ = {isa = PBXBuildFile; fileRef = EBDBD5DF1D685C7400984EC4 /* Info.plist */; };
		EBDBD5E31D685C7400984EC4 /* main.m in Sources */ = {isa = PBXBuildFile; fileRef = EBDBD5E01D685C7400984EC4 /* main.m */; };
		EBDBD5E61D685C8500984EC4 /* LaunchScreen.storyboard in Resources */ = {isa = PBXBuildFile; fileRef = EBDBD5E41D685C8500984EC4 /* LaunchScreen.storyboard */; };
		EBDBD5E71D685C8500984EC4 /* Main.storyboard in Resources */ = {isa = PBXBuildFile; fileRef = EBDBD5E51D685C8500984EC4 /* Main.storyboard */; };
		EBDBD5EB1D685D6F00984EC4 /* APIRequestProtocol.swift in Sources */ = {isa = PBXBuildFile; fileRef = EBDBD5EA1D685D6F00984EC4 /* APIRequestProtocol.swift */; };
		EBDBD5EE1D685E0600984EC4 /* FlightsAPIRequest.swift in Sources */ = {isa = PBXBuildFile; fileRef = EBDBD5ED1D685E0600984EC4 /* FlightsAPIRequest.swift */; };
		EBDBD5F01D685E1C00984EC4 /* TrainsAPIRequest.swift in Sources */ = {isa = PBXBuildFile; fileRef = EBDBD5EF1D685E1C00984EC4 /* TrainsAPIRequest.swift */; };
		EBDBD5F21D685E2A00984EC4 /* BusesAPIRequest.swift in Sources */ = {isa = PBXBuildFile; fileRef = EBDBD5F11D685E2A00984EC4 /* BusesAPIRequest.swift */; };
		EBDBD5FF1D6872D100984EC4 /* Helper.swift in Sources */ = {isa = PBXBuildFile; fileRef = EBDBD5FE1D6872D100984EC4 /* Helper.swift */; };
		EBDBD6071D6888AE00984EC4 /* APIRequestTests.swift in Sources */ = {isa = PBXBuildFile; fileRef = EBDBD6061D6888AE00984EC4 /* APIRequestTests.swift */; };
		EBDBD6151D688CF000984EC4 /* BusesJSONString.txt in Resources */ = {isa = PBXBuildFile; fileRef = EBDBD6141D688CF000984EC4 /* BusesJSONString.txt */; };
		EBDBD6191D69A67000984EC4 /* APIRequestProtocol.swift in Sources */ = {isa = PBXBuildFile; fileRef = EBDBD5EA1D685D6F00984EC4 /* APIRequestProtocol.swift */; };
		EBDBD61C1D69A67600984EC4 /* BusesAPIRequest.swift in Sources */ = {isa = PBXBuildFile; fileRef = EBDBD5F11D685E2A00984EC4 /* BusesAPIRequest.swift */; };
		EBDBD61D1D69A67600984EC4 /* FlightsAPIRequest.swift in Sources */ = {isa = PBXBuildFile; fileRef = EBDBD5ED1D685E0600984EC4 /* FlightsAPIRequest.swift */; };
		EBDBD61E1D69A67600984EC4 /* TrainsAPIRequest.swift in Sources */ = {isa = PBXBuildFile; fileRef = EBDBD5EF1D685E1C00984EC4 /* TrainsAPIRequest.swift */; };
		EBDBD61F1D69A68F00984EC4 /* Helper.swift in Sources */ = {isa = PBXBuildFile; fileRef = EBDBD5FE1D6872D100984EC4 /* Helper.swift */; };
		EBDBD6211D69AE2D00984EC4 /* FlightsJSONString.txt in Resources */ = {isa = PBXBuildFile; fileRef = EBDBD6201D69AE2D00984EC4 /* FlightsJSONString.txt */; };
		EBDBD6231D69AE3B00984EC4 /* TrainsJSONString.txt in Resources */ = {isa = PBXBuildFile; fileRef = EBDBD6221D69AE3B00984EC4 /* TrainsJSONString.txt */; };
		EBDBD6261D69B69800984EC4 /* MainCell.m in Sources */ = {isa = PBXBuildFile; fileRef = EBDBD6251D69B69800984EC4 /* MainCell.m */; };
		EBDBD6291D69B6BF00984EC4 /* MainViewController.m in Sources */ = {isa = PBXBuildFile; fileRef = EBDBD6281D69B6BF00984EC4 /* MainViewController.m */; };
		EBDBD62F1D69CF5C00984EC4 /* VehicleSelector.m in Sources */ = {isa = PBXBuildFile; fileRef = EBDBD62E1D69CF5C00984EC4 /* VehicleSelector.m */; };
		EBDBD6321D69D7F200984EC4 /* MainTableViewDelegate.m in Sources */ = {isa = PBXBuildFile; fileRef = EBDBD6311D69D7F200984EC4 /* MainTableViewDelegate.m */; };
		EBF6D8B31D69E97700916F4C /* TripManager.swift in Sources */ = {isa = PBXBuildFile; fileRef = EBF6D8B21D69E97700916F4C /* TripManager.swift */; };
/* End PBXBuildFile section */

/* Begin PBXContainerItemProxy section */
		EBDBD6091D6888AE00984EC4 /* PBXContainerItemProxy */ = {
			isa = PBXContainerItemProxy;
			containerPortal = EBDBD5B81D685A5900984EC4 /* Project object */;
			proxyType = 1;
			remoteGlobalIDString = EBDBD5BF1D685A5900984EC4;
			remoteInfo = Travel;
		};
/* End PBXContainerItemProxy section */

/* Begin PBXFileReference section */
		24502AE3CE805B7AC515435F /* libPods-Travel.a */ = {isa = PBXFileReference; explicitFileType = archive.ar; includeInIndex = 0; path = "libPods-Travel.a"; sourceTree = BUILT_PRODUCTS_DIR; };
		35ECFC4DE06F4D451877DCE6 /* Pods-Travel.release.xcconfig */ = {isa = PBXFileReference; includeInIndex = 1; lastKnownFileType = text.xcconfig; name = "Pods-Travel.release.xcconfig"; path = "Pods/Target Support Files/Pods-Travel/Pods-Travel.release.xcconfig"; sourceTree = "<group>"; };
		3ECEF06ACA4E592C5002AD17 /* Pods-TravelUnitTests.release.xcconfig */ = {isa = PBXFileReference; includeInIndex = 1; lastKnownFileType = text.xcconfig; name = "Pods-TravelUnitTests.release.xcconfig"; path = "Pods/Target Support Files/Pods-TravelUnitTests/Pods-TravelUnitTests.release.xcconfig"; sourceTree = "<group>"; };
		517B851E18F16DBA82197090 /* Pods-Travel.debug.xcconfig */ = {isa = PBXFileReference; includeInIndex = 1; lastKnownFileType = text.xcconfig; name = "Pods-Travel.debug.xcconfig"; path = "Pods/Target Support Files/Pods-Travel/Pods-Travel.debug.xcconfig"; sourceTree = "<group>"; };
		7AF62B7C5273C7C15141AD8A /* Pods-TravelUnitTests.debug.xcconfig */ = {isa = PBXFileReference; includeInIndex = 1; lastKnownFileType = text.xcconfig; name = "Pods-TravelUnitTests.debug.xcconfig"; path = "Pods/Target Support Files/Pods-TravelUnitTests/Pods-TravelUnitTests.debug.xcconfig"; sourceTree = "<group>"; };
		EB4AF2991D69F33B00C25D45 /* BusTrip.swift */ = {isa = PBXFileReference; fileEncoding = 4; lastKnownFileType = sourcecode.swift; path = BusTrip.swift; sourceTree = "<group>"; };
		EB4AF29A1D69F33B00C25D45 /* FlightTrip.swift */ = {isa = PBXFileReference; fileEncoding = 4; lastKnownFileType = sourcecode.swift; path = FlightTrip.swift; sourceTree = "<group>"; };
		EB4AF29B1D69F33B00C25D45 /* TrainTrip.swift */ = {isa = PBXFileReference; fileEncoding = 4; lastKnownFileType = sourcecode.swift; path = TrainTrip.swift; sourceTree = "<group>"; };
		EB4AF29C1D69F33B00C25D45 /* Trip.swift */ = {isa = PBXFileReference; fileEncoding = 4; lastKnownFileType = sourcecode.swift; path = Trip.swift; sourceTree = "<group>"; };
		EB4AF2A31D69F53700C25D45 /* LocalStorage.swift */ = {isa = PBXFileReference; fileEncoding = 4; lastKnownFileType = sourcecode.swift; path = LocalStorage.swift; sourceTree = "<group>"; };
		EB4AF2A51D69FA8B00C25D45 /* TripTests.swift */ = {isa = PBXFileReference; fileEncoding = 4; lastKnownFileType = sourcecode.swift; path = TripTests.swift; sourceTree = "<group>"; };
		EBDBD5C01D685A5900984EC4 /* Travel.app */ = {isa = PBXFileReference; explicitFileType = wrapper.application; includeInIndex = 0; path = Travel.app; sourceTree = BUILT_PRODUCTS_DIR; };
		EBDBD5CF1D685A5A00984EC4 /* Assets.xcassets */ = {isa = PBXFileReference; lastKnownFileType = folder.assetcatalog; path = Assets.xcassets; sourceTree = "<group>"; };
		EBDBD5DD1D685C7400984EC4 /* AppDelegate.h */ = {isa = PBXFileReference; fileEncoding = 4; lastKnownFileType = sourcecode.c.h; path = AppDelegate.h; sourceTree = "<group>"; };
		EBDBD5DE1D685C7400984EC4 /* AppDelegate.m */ = {isa = PBXFileReference; fileEncoding = 4; lastKnownFileType = sourcecode.c.objc; path = AppDelegate.m; sourceTree = "<group>"; };
		EBDBD5DF1D685C7400984EC4 /* Info.plist */ = {isa = PBXFileReference; fileEncoding = 4; lastKnownFileType = text.plist.xml; path = Info.plist; sourceTree = "<group>"; };
		EBDBD5E01D685C7400984EC4 /* main.m */ = {isa = PBXFileReference; fileEncoding = 4; lastKnownFileType = sourcecode.c.objc; path = main.m; sourceTree = "<group>"; };
		EBDBD5E41D685C8500984EC4 /* LaunchScreen.storyboard */ = {isa = PBXFileReference; fileEncoding = 4; lastKnownFileType = file.storyboard; path = LaunchScreen.storyboard; sourceTree = "<group>"; };
		EBDBD5E51D685C8500984EC4 /* Main.storyboard */ = {isa = PBXFileReference; fileEncoding = 4; lastKnownFileType = file.storyboard; path = Main.storyboard; sourceTree = "<group>"; };
		EBDBD5EA1D685D6F00984EC4 /* APIRequestProtocol.swift */ = {isa = PBXFileReference; fileEncoding = 4; lastKnownFileType = sourcecode.swift; path = APIRequestProtocol.swift; sourceTree = "<group>"; };
		EBDBD5EC1D685D9000984EC4 /* Travel-Bridging-Header.h */ = {isa = PBXFileReference; fileEncoding = 4; lastKnownFileType = sourcecode.c.h; path = "Travel-Bridging-Header.h"; sourceTree = "<group>"; };
		EBDBD5ED1D685E0600984EC4 /* FlightsAPIRequest.swift */ = {isa = PBXFileReference; fileEncoding = 4; lastKnownFileType = sourcecode.swift; path = FlightsAPIRequest.swift; sourceTree = "<group>"; };
		EBDBD5EF1D685E1C00984EC4 /* TrainsAPIRequest.swift */ = {isa = PBXFileReference; fileEncoding = 4; lastKnownFileType = sourcecode.swift; path = TrainsAPIRequest.swift; sourceTree = "<group>"; };
		EBDBD5F11D685E2A00984EC4 /* BusesAPIRequest.swift */ = {isa = PBXFileReference; fileEncoding = 4; lastKnownFileType = sourcecode.swift; path = BusesAPIRequest.swift; sourceTree = "<group>"; };
		EBDBD5FE1D6872D100984EC4 /* Helper.swift */ = {isa = PBXFileReference; fileEncoding = 4; lastKnownFileType = sourcecode.swift; path = Helper.swift; sourceTree = "<group>"; };
		EBDBD6041D6888AE00984EC4 /* TravelUnitTests.xctest */ = {isa = PBXFileReference; explicitFileType = wrapper.cfbundle; includeInIndex = 0; path = TravelUnitTests.xctest; sourceTree = BUILT_PRODUCTS_DIR; };
		EBDBD6061D6888AE00984EC4 /* APIRequestTests.swift */ = {isa = PBXFileReference; lastKnownFileType = sourcecode.swift; path = APIRequestTests.swift; sourceTree = "<group>"; };
		EBDBD6081D6888AE00984EC4 /* Info.plist */ = {isa = PBXFileReference; lastKnownFileType = text.plist.xml; path = Info.plist; sourceTree = "<group>"; };
		EBDBD6141D688CF000984EC4 /* BusesJSONString.txt */ = {isa = PBXFileReference; fileEncoding = 4; lastKnownFileType = text; path = BusesJSONString.txt; sourceTree = "<group>"; };
		EBDBD6201D69AE2D00984EC4 /* FlightsJSONString.txt */ = {isa = PBXFileReference; fileEncoding = 4; lastKnownFileType = text; path = FlightsJSONString.txt; sourceTree = "<group>"; };
		EBDBD6221D69AE3B00984EC4 /* TrainsJSONString.txt */ = {isa = PBXFileReference; fileEncoding = 4; lastKnownFileType = text; path = TrainsJSONString.txt; sourceTree = "<group>"; };
		EBDBD6241D69B69800984EC4 /* MainCell.h */ = {isa = PBXFileReference; fileEncoding = 4; lastKnownFileType = sourcecode.c.h; path = MainCell.h; sourceTree = "<group>"; };
		EBDBD6251D69B69800984EC4 /* MainCell.m */ = {isa = PBXFileReference; fileEncoding = 4; lastKnownFileType = sourcecode.c.objc; path = MainCell.m; sourceTree = "<group>"; };
		EBDBD6271D69B6BF00984EC4 /* MainViewController.h */ = {isa = PBXFileReference; fileEncoding = 4; lastKnownFileType = sourcecode.c.h; path = MainViewController.h; sourceTree = "<group>"; };
		EBDBD6281D69B6BF00984EC4 /* MainViewController.m */ = {isa = PBXFileReference; fileEncoding = 4; lastKnownFileType = sourcecode.c.objc; path = MainViewController.m; sourceTree = "<group>"; };
		EBDBD62D1D69CF5C00984EC4 /* VehicleSelector.h */ = {isa = PBXFileReference; fileEncoding = 4; lastKnownFileType = sourcecode.c.h; path = VehicleSelector.h; sourceTree = "<group>"; };
		EBDBD62E1D69CF5C00984EC4 /* VehicleSelector.m */ = {isa = PBXFileReference; fileEncoding = 4; lastKnownFileType = sourcecode.c.objc; path = VehicleSelector.m; sourceTree = "<group>"; };
		EBDBD6301D69D7F200984EC4 /* MainTableViewDelegate.h */ = {isa = PBXFileReference; fileEncoding = 4; lastKnownFileType = sourcecode.c.h; path = MainTableViewDelegate.h; sourceTree = "<group>"; };
		EBDBD6311D69D7F200984EC4 /* MainTableViewDelegate.m */ = {isa = PBXFileReference; fileEncoding = 4; lastKnownFileType = sourcecode.c.objc; path = MainTableViewDelegate.m; sourceTree = "<group>"; };
		EBF6D8B21D69E97700916F4C /* TripManager.swift */ = {isa = PBXFileReference; fileEncoding = 4; lastKnownFileType = sourcecode.swift; path = TripManager.swift; sourceTree = "<group>"; };
		FD9C8DC72457E9D2EB137796 /* libPods-TravelUnitTests.a */ = {isa = PBXFileReference; explicitFileType = archive.ar; includeInIndex = 0; path = "libPods-TravelUnitTests.a"; sourceTree = BUILT_PRODUCTS_DIR; };
/* End PBXFileReference section */

/* Begin PBXFrameworksBuildPhase section */
		EBDBD5BD1D685A5900984EC4 /* Frameworks */ = {
			isa = PBXFrameworksBuildPhase;
			buildActionMask = 2147483647;
			files = (
				95E328EC0D7E466F0C97BB6C /* libPods-Travel.a in Frameworks */,
			);
			runOnlyForDeploymentPostprocessing = 0;
		};
		EBDBD6011D6888AE00984EC4 /* Frameworks */ = {
			isa = PBXFrameworksBuildPhase;
			buildActionMask = 2147483647;
			files = (
				6211285B4AF4606D0D537A34 /* libPods-TravelUnitTests.a in Frameworks */,
			);
			runOnlyForDeploymentPostprocessing = 0;
		};
/* End PBXFrameworksBuildPhase section */

/* Begin PBXGroup section */
		A044779EF6D03651438F5CEA /* Pods */ = {
			isa = PBXGroup;
			children = (
				517B851E18F16DBA82197090 /* Pods-Travel.debug.xcconfig */,
				35ECFC4DE06F4D451877DCE6 /* Pods-Travel.release.xcconfig */,
				7AF62B7C5273C7C15141AD8A /* Pods-TravelUnitTests.debug.xcconfig */,
				3ECEF06ACA4E592C5002AD17 /* Pods-TravelUnitTests.release.xcconfig */,
			);
			name = Pods;
			sourceTree = "<group>";
		};
		D3348859BB73CAA089DFC1C7 /* Frameworks */ = {
			isa = PBXGroup;
			children = (
				24502AE3CE805B7AC515435F /* libPods-Travel.a */,
				FD9C8DC72457E9D2EB137796 /* libPods-TravelUnitTests.a */,
			);
			name = Frameworks;
			sourceTree = "<group>";
		};
		EB4AF2981D69F33B00C25D45 /* Entities */ = {
			isa = PBXGroup;
			children = (
				EB4AF2991D69F33B00C25D45 /* BusTrip.swift */,
				EB4AF29A1D69F33B00C25D45 /* FlightTrip.swift */,
				EB4AF29B1D69F33B00C25D45 /* TrainTrip.swift */,
				EB4AF29C1D69F33B00C25D45 /* Trip.swift */,
			);
			path = Entities;
			sourceTree = "<group>";
		};
		EB4AF2A21D69F51F00C25D45 /* LocalStorage */ = {
			isa = PBXGroup;
			children = (
				EB4AF2A31D69F53700C25D45 /* LocalStorage.swift */,
			);
			path = LocalStorage;
			sourceTree = "<group>";
		};
		EBDBD5B71D685A5900984EC4 = {
			isa = PBXGroup;
			children = (
				EBDBD5C21D685A5900984EC4 /* Travel */,
				EBDBD6051D6888AE00984EC4 /* TravelUnitTests */,
				EBDBD5C11D685A5900984EC4 /* Products */,
				A044779EF6D03651438F5CEA /* Pods */,
				D3348859BB73CAA089DFC1C7 /* Frameworks */,
			);
			sourceTree = "<group>";
		};
		EBDBD5C11D685A5900984EC4 /* Products */ = {
			isa = PBXGroup;
			children = (
				EBDBD5C01D685A5900984EC4 /* Travel.app */,
				EBDBD6041D6888AE00984EC4 /* TravelUnitTests.xctest */,
			);
			name = Products;
			sourceTree = "<group>";
		};
		EBDBD5C21D685A5900984EC4 /* Travel */ = {
			isa = PBXGroup;
			children = (
				EBDBD5DA1D685C0000984EC4 /* Entry point */,
				EBDBD5DB1D685C0D00984EC4 /* Model */,
				EBDBD5DC1D685C1F00984EC4 /* User interface */,
				EBDBD5CF1D685A5A00984EC4 /* Assets.xcassets */,
			);
			path = Travel;
			sourceTree = "<group>";
		};
		EBDBD5DA1D685C0000984EC4 /* Entry point */ = {
			isa = PBXGroup;
			children = (
				EBDBD5EC1D685D9000984EC4 /* Travel-Bridging-Header.h */,
				EBDBD5DD1D685C7400984EC4 /* AppDelegate.h */,
				EBDBD5DE1D685C7400984EC4 /* AppDelegate.m */,
				EBDBD5DF1D685C7400984EC4 /* Info.plist */,
				EBDBD5E01D685C7400984EC4 /* main.m */,
			);
			path = "Entry point";
			sourceTree = "<group>";
		};
		EBDBD5DB1D685C0D00984EC4 /* Model */ = {
			isa = PBXGroup;
			children = (
				EB4AF2981D69F33B00C25D45 /* Entities */,
				EBDBD5FD1D6872BA00984EC4 /* Application */,
				EBDBD5E81D685D3500984EC4 /* Server */,
			);
			path = Model;
			sourceTree = "<group>";
		};
		EBDBD5DC1D685C1F00984EC4 /* User interface */ = {
			isa = PBXGroup;
			children = (
				EBDBD5E41D685C8500984EC4 /* LaunchScreen.storyboard */,
				EBDBD5E51D685C8500984EC4 /* Main.storyboard */,
				EBDBD6271D69B6BF00984EC4 /* MainViewController.h */,
				EBDBD6281D69B6BF00984EC4 /* MainViewController.m */,
				EBDBD6301D69D7F200984EC4 /* MainTableViewDelegate.h */,
				EBDBD6311D69D7F200984EC4 /* MainTableViewDelegate.m */,
				EBDBD6241D69B69800984EC4 /* MainCell.h */,
				EBDBD6251D69B69800984EC4 /* MainCell.m */,
				EBDBD62D1D69CF5C00984EC4 /* VehicleSelector.h */,
				EBDBD62E1D69CF5C00984EC4 /* VehicleSelector.m */,
			);
			path = "User interface";
			sourceTree = "<group>";
		};
		EBDBD5E81D685D3500984EC4 /* Server */ = {
			isa = PBXGroup;
			children = (
				EBDBD5EA1D685D6F00984EC4 /* APIRequestProtocol.swift */,
				EBDBD5F11D685E2A00984EC4 /* BusesAPIRequest.swift */,
				EBDBD5ED1D685E0600984EC4 /* FlightsAPIRequest.swift */,
				EBDBD5EF1D685E1C00984EC4 /* TrainsAPIRequest.swift */,
			);
			path = Server;
			sourceTree = "<group>";
		};
		EBDBD5FD1D6872BA00984EC4 /* Application */ = {
			isa = PBXGroup;
			children = (
				EB4AF2A21D69F51F00C25D45 /* LocalStorage */,
				EBDBD5FE1D6872D100984EC4 /* Helper.swift */,
				EBF6D8B21D69E97700916F4C /* TripManager.swift */,
			);
			path = Application;
			sourceTree = "<group>";
		};
		EBDBD6051D6888AE00984EC4 /* TravelUnitTests */ = {
			isa = PBXGroup;
			children = (
				EBDBD6061D6888AE00984EC4 /* APIRequestTests.swift */,
				EB4AF2A51D69FA8B00C25D45 /* TripTests.swift */,
				EBDBD6081D6888AE00984EC4 /* Info.plist */,
				EBDBD6141D688CF000984EC4 /* BusesJSONString.txt */,
				EBDBD6201D69AE2D00984EC4 /* FlightsJSONString.txt */,
				EBDBD6221D69AE3B00984EC4 /* TrainsJSONString.txt */,
			);
			path = TravelUnitTests;
			sourceTree = "<group>";
		};
/* End PBXGroup section */

/* Begin PBXNativeTarget section */
		EBDBD5BF1D685A5900984EC4 /* Travel */ = {
			isa = PBXNativeTarget;
			buildConfigurationList = EBDBD5D71D685A5A00984EC4 /* Build configuration list for PBXNativeTarget "Travel" */;
			buildPhases = (
				EF4DF988EEEB787D2B55510B /* [CP] Check Pods Manifest.lock */,
				EBDBD5BC1D685A5900984EC4 /* Sources */,
				EBDBD5BD1D685A5900984EC4 /* Frameworks */,
				EBDBD5BE1D685A5900984EC4 /* Resources */,
				13D2E6198928FC46CDED6CDC /* [CP] Embed Pods Frameworks */,
				8B731AC7EF97B1520B10F223 /* [CP] Copy Pods Resources */,
			);
			buildRules = (
			);
			dependencies = (
			);
			name = Travel;
			productName = Travel;
			productReference = EBDBD5C01D685A5900984EC4 /* Travel.app */;
			productType = "com.apple.product-type.application";
		};
		EBDBD6031D6888AE00984EC4 /* TravelUnitTests */ = {
			isa = PBXNativeTarget;
			buildConfigurationList = EBDBD60B1D6888AE00984EC4 /* Build configuration list for PBXNativeTarget "TravelUnitTests" */;
			buildPhases = (
				689645C5AAAEB35DD5C018FC /* [CP] Check Pods Manifest.lock */,
				EBDBD6001D6888AE00984EC4 /* Sources */,
				EBDBD6011D6888AE00984EC4 /* Frameworks */,
				EBDBD6021D6888AE00984EC4 /* Resources */,
				6E6BCD905783E8530538DC9B /* [CP] Embed Pods Frameworks */,
				F29F9B60C0FB4B91C1EDDD38 /* [CP] Copy Pods Resources */,
			);
			buildRules = (
			);
			dependencies = (
				EBDBD60A1D6888AE00984EC4 /* PBXTargetDependency */,
			);
			name = TravelUnitTests;
			productName = TravelUnitTests;
			productReference = EBDBD6041D6888AE00984EC4 /* TravelUnitTests.xctest */;
			productType = "com.apple.product-type.bundle.unit-test";
		};
/* End PBXNativeTarget section */

/* Begin PBXProject section */
		EBDBD5B81D685A5900984EC4 /* Project object */ = {
			isa = PBXProject;
			attributes = {
				LastSwiftUpdateCheck = 0730;
				LastUpgradeCheck = 0730;
				ORGANIZATIONNAME = test;
				TargetAttributes = {
					EBDBD5BF1D685A5900984EC4 = {
						CreatedOnToolsVersion = 7.3.1;
					};
					EBDBD6031D6888AE00984EC4 = {
						CreatedOnToolsVersion = 7.3.1;
						TestTargetID = EBDBD5BF1D685A5900984EC4;
					};
				};
			};
			buildConfigurationList = EBDBD5BB1D685A5900984EC4 /* Build configuration list for PBXProject "Travel" */;
			compatibilityVersion = "Xcode 3.2";
			developmentRegion = English;
			hasScannedForEncodings = 0;
			knownRegions = (
				en,
				Base,
			);
			mainGroup = EBDBD5B71D685A5900984EC4;
			productRefGroup = EBDBD5C11D685A5900984EC4 /* Products */;
			projectDirPath = "";
			projectRoot = "";
			targets = (
				EBDBD5BF1D685A5900984EC4 /* Travel */,
				EBDBD6031D6888AE00984EC4 /* TravelUnitTests */,
			);
		};
/* End PBXProject section */

/* Begin PBXResourcesBuildPhase section */
		EBDBD5BE1D685A5900984EC4 /* Resources */ = {
			isa = PBXResourcesBuildPhase;
			buildActionMask = 2147483647;
			files = (
				EBDBD5E61D685C8500984EC4 /* LaunchScreen.storyboard in Resources */,
				EBDBD5E21D685C7400984EC4 /* Info.plist in Resources */,
				EBDBD5D01D685A5A00984EC4 /* Assets.xcassets in Resources */,
				EBDBD5E71D685C8500984EC4 /* Main.storyboard in Resources */,
			);
			runOnlyForDeploymentPostprocessing = 0;
		};
		EBDBD6021D6888AE00984EC4 /* Resources */ = {
			isa = PBXResourcesBuildPhase;
			buildActionMask = 2147483647;
			files = (
				EBDBD6151D688CF000984EC4 /* BusesJSONString.txt in Resources */,
				EBDBD6211D69AE2D00984EC4 /* FlightsJSONString.txt in Resources */,
				EBDBD6231D69AE3B00984EC4 /* TrainsJSONString.txt in Resources */,
			);
			runOnlyForDeploymentPostprocessing = 0;
		};
/* End PBXResourcesBuildPhase section */

/* Begin PBXShellScriptBuildPhase section */
		13D2E6198928FC46CDED6CDC /* [CP] Embed Pods Frameworks */ = {
			isa = PBXShellScriptBuildPhase;
			buildActionMask = 2147483647;
			files = (
			);
			inputPaths = (
			);
			name = "[CP] Embed Pods Frameworks";
			outputPaths = (
			);
			runOnlyForDeploymentPostprocessing = 0;
			shellPath = /bin/sh;
			shellScript = "\"${SRCROOT}/Pods/Target Support Files/Pods-Travel/Pods-Travel-frameworks.sh\"\n";
			showEnvVarsInLog = 0;
		};
		689645C5AAAEB35DD5C018FC /* [CP] Check Pods Manifest.lock */ = {
			isa = PBXShellScriptBuildPhase;
			buildActionMask = 2147483647;
			files = (
			);
			inputPaths = (
			);
			name = "[CP] Check Pods Manifest.lock";
			outputPaths = (
			);
			runOnlyForDeploymentPostprocessing = 0;
			shellPath = /bin/sh;
			shellScript = "diff \"${PODS_ROOT}/../Podfile.lock\" \"${PODS_ROOT}/Manifest.lock\" > /dev/null\nif [[ $? != 0 ]] ; then\n    cat << EOM\nerror: The sandbox is not in sync with the Podfile.lock. Run 'pod install' or update your CocoaPods installation.\nEOM\n    exit 1\nfi\n";
			showEnvVarsInLog = 0;
		};
		6E6BCD905783E8530538DC9B /* [CP] Embed Pods Frameworks */ = {
			isa = PBXShellScriptBuildPhase;
			buildActionMask = 2147483647;
			files = (
			);
			inputPaths = (
			);
			name = "[CP] Embed Pods Frameworks";
			outputPaths = (
			);
			runOnlyForDeploymentPostprocessing = 0;
			shellPath = /bin/sh;
			shellScript = "\"${SRCROOT}/Pods/Target Support Files/Pods-TravelUnitTests/Pods-TravelUnitTests-frameworks.sh\"\n";
			showEnvVarsInLog = 0;
		};
		8B731AC7EF97B1520B10F223 /* [CP] Copy Pods Resources */ = {
			isa = PBXShellScriptBuildPhase;
			buildActionMask = 2147483647;
			files = (
			);
			inputPaths = (
			);
			name = "[CP] Copy Pods Resources";
			outputPaths = (
			);
			runOnlyForDeploymentPostprocessing = 0;
			shellPath = /bin/sh;
			shellScript = "\"${SRCROOT}/Pods/Target Support Files/Pods-Travel/Pods-Travel-resources.sh\"\n";
			showEnvVarsInLog = 0;
		};
		EF4DF988EEEB787D2B55510B /* [CP] Check Pods Manifest.lock */ = {
			isa = PBXShellScriptBuildPhase;
			buildActionMask = 2147483647;
			files = (
			);
			inputPaths = (
			);
			name = "[CP] Check Pods Manifest.lock";
			outputPaths = (
			);
			runOnlyForDeploymentPostprocessing = 0;
			shellPath = /bin/sh;
			shellScript = "diff \"${PODS_ROOT}/../Podfile.lock\" \"${PODS_ROOT}/Manifest.lock\" > /dev/null\nif [[ $? != 0 ]] ; then\n    cat << EOM\nerror: The sandbox is not in sync with the Podfile.lock. Run 'pod install' or update your CocoaPods installation.\nEOM\n    exit 1\nfi\n";
			showEnvVarsInLog = 0;
		};
		F29F9B60C0FB4B91C1EDDD38 /* [CP] Copy Pods Resources */ = {
			isa = PBXShellScriptBuildPhase;
			buildActionMask = 2147483647;
			files = (
			);
			inputPaths = (
			);
			name = "[CP] Copy Pods Resources";
			outputPaths = (
			);
			runOnlyForDeploymentPostprocessing = 0;
			shellPath = /bin/sh;
			shellScript = "\"${SRCROOT}/Pods/Target Support Files/Pods-TravelUnitTests/Pods-TravelUnitTests-resources.sh\"\n";
			showEnvVarsInLog = 0;
		};
/* End PBXShellScriptBuildPhase section */

/* Begin PBXSourcesBuildPhase section */
		EBDBD5BC1D685A5900984EC4 /* Sources */ = {
			isa = PBXSourcesBuildPhase;
			buildActionMask = 2147483647;
			files = (
				EBDBD5FF1D6872D100984EC4 /* Helper.swift in Sources */,
				EBDBD6321D69D7F200984EC4 /* MainTableViewDelegate.m in Sources */,
				EB4AF29D1D69F33B00C25D45 /* BusTrip.swift in Sources */,
				EBDBD6261D69B69800984EC4 /* MainCell.m in Sources */,
				EBDBD5E31D685C7400984EC4 /* main.m in Sources */,
				EBDBD6291D69B6BF00984EC4 /* MainViewController.m in Sources */,
				EB4AF29F1D69F33B00C25D45 /* TrainTrip.swift in Sources */,
				EBF6D8B31D69E97700916F4C /* TripManager.swift in Sources */,
				EBDBD5F01D685E1C00984EC4 /* TrainsAPIRequest.swift in Sources */,
				EBDBD5F21D685E2A00984EC4 /* BusesAPIRequest.swift in Sources */,
				EBDBD62F1D69CF5C00984EC4 /* VehicleSelector.m in Sources */,
				EBDBD5EE1D685E0600984EC4 /* FlightsAPIRequest.swift in Sources */,
				EB4AF2A41D69F53700C25D45 /* LocalStorage.swift in Sources */,
				EB4AF29E1D69F33B00C25D45 /* FlightTrip.swift in Sources */,
				EBDBD5EB1D685D6F00984EC4 /* APIRequestProtocol.swift in Sources */,
				EB4AF2A01D69F33B00C25D45 /* Trip.swift in Sources */,
				EBDBD5E11D685C7400984EC4 /* AppDelegate.m in Sources */,
			);
			runOnlyForDeploymentPostprocessing = 0;
		};
		EBDBD6001D6888AE00984EC4 /* Sources */ = {
			isa = PBXSourcesBuildPhase;
			buildActionMask = 2147483647;
			files = (
				EB4AF2AA1D69FADC00C25D45 /* Trip.swift in Sources */,
				EBDBD61F1D69A68F00984EC4 /* Helper.swift in Sources */,
				EB4AF2A71D69FAD900C25D45 /* BusTrip.swift in Sources */,
				EBDBD61C1D69A67600984EC4 /* BusesAPIRequest.swift in Sources */,
				EB4AF2A91D69FADC00C25D45 /* TrainTrip.swift in Sources */,
				EBDBD6191D69A67000984EC4 /* APIRequestProtocol.swift in Sources */,
				EBDBD61E1D69A67600984EC4 /* TrainsAPIRequest.swift in Sources */,
				EBDBD61D1D69A67600984EC4 /* FlightsAPIRequest.swift in Sources */,
				EB4AF2A81D69FADC00C25D45 /* FlightTrip.swift in Sources */,
				EB4AF2A61D69FA8B00C25D45 /* TripTests.swift in Sources */,
				EBDBD6071D6888AE00984EC4 /* APIRequestTests.swift in Sources */,
			);
			runOnlyForDeploymentPostprocessing = 0;
		};
/* End PBXSourcesBuildPhase section */

/* Begin PBXTargetDependency section */
		EBDBD60A1D6888AE00984EC4 /* PBXTargetDependency */ = {
			isa = PBXTargetDependency;
			target = EBDBD5BF1D685A5900984EC4 /* Travel */;
			targetProxy = EBDBD6091D6888AE00984EC4 /* PBXContainerItemProxy */;
		};
/* End PBXTargetDependency section */

/* Begin XCBuildConfiguration section */
		EBDBD5D51D685A5A00984EC4 /* Debug */ = {
			isa = XCBuildConfiguration;
			buildSettings = {
				ALWAYS_SEARCH_USER_PATHS = NO;
				CLANG_ANALYZER_NONNULL = YES;
				CLANG_CXX_LANGUAGE_STANDARD = "gnu++0x";
				CLANG_CXX_LIBRARY = "libc++";
				CLANG_ENABLE_MODULES = YES;
				CLANG_ENABLE_OBJC_ARC = YES;
				CLANG_WARN_BOOL_CONVERSION = YES;
				CLANG_WARN_CONSTANT_CONVERSION = YES;
				CLANG_WARN_DIRECT_OBJC_ISA_USAGE = YES_ERROR;
				CLANG_WARN_EMPTY_BODY = YES;
				CLANG_WARN_ENUM_CONVERSION = YES;
				CLANG_WARN_INT_CONVERSION = YES;
				CLANG_WARN_OBJC_ROOT_CLASS = YES_ERROR;
				CLANG_WARN_UNREACHABLE_CODE = YES;
				CLANG_WARN__DUPLICATE_METHOD_MATCH = YES;
				"CODE_SIGN_IDENTITY[sdk=iphoneos*]" = "iPhone Developer";
				COPY_PHASE_STRIP = NO;
				DEBUG_INFORMATION_FORMAT = dwarf;
				ENABLE_STRICT_OBJC_MSGSEND = YES;
				ENABLE_TESTABILITY = YES;
				GCC_C_LANGUAGE_STANDARD = gnu99;
				GCC_DYNAMIC_NO_PIC = NO;
				GCC_NO_COMMON_BLOCKS = YES;
				GCC_OPTIMIZATION_LEVEL = 0;
				GCC_PREPROCESSOR_DEFINITIONS = (
					"DEBUG=1",
					"$(inherited)",
				);
				GCC_WARN_64_TO_32_BIT_CONVERSION = YES;
				GCC_WARN_ABOUT_RETURN_TYPE = YES_ERROR;
				GCC_WARN_UNDECLARED_SELECTOR = YES;
				GCC_WARN_UNINITIALIZED_AUTOS = YES_AGGRESSIVE;
				GCC_WARN_UNUSED_FUNCTION = YES;
				GCC_WARN_UNUSED_VARIABLE = YES;
				IPHONEOS_DEPLOYMENT_TARGET = 9.3;
				MTL_ENABLE_DEBUG_INFO = YES;
				ONLY_ACTIVE_ARCH = YES;
				SDKROOT = iphoneos;
			};
			name = Debug;
		};
		EBDBD5D61D685A5A00984EC4 /* Release */ = {
			isa = XCBuildConfiguration;
			buildSettings = {
				ALWAYS_SEARCH_USER_PATHS = NO;
				CLANG_ANALYZER_NONNULL = YES;
				CLANG_CXX_LANGUAGE_STANDARD = "gnu++0x";
				CLANG_CXX_LIBRARY = "libc++";
				CLANG_ENABLE_MODULES = YES;
				CLANG_ENABLE_OBJC_ARC = YES;
				CLANG_WARN_BOOL_CONVERSION = YES;
				CLANG_WARN_CONSTANT_CONVERSION = YES;
				CLANG_WARN_DIRECT_OBJC_ISA_USAGE = YES_ERROR;
				CLANG_WARN_EMPTY_BODY = YES;
				CLANG_WARN_ENUM_CONVERSION = YES;
				CLANG_WARN_INT_CONVERSION = YES;
				CLANG_WARN_OBJC_ROOT_CLASS = YES_ERROR;
				CLANG_WARN_UNREACHABLE_CODE = YES;
				CLANG_WARN__DUPLICATE_METHOD_MATCH = YES;
				"CODE_SIGN_IDENTITY[sdk=iphoneos*]" = "iPhone Developer";
				COPY_PHASE_STRIP = NO;
				DEBUG_INFORMATION_FORMAT = "dwarf-with-dsym";
				ENABLE_NS_ASSERTIONS = NO;
				ENABLE_STRICT_OBJC_MSGSEND = YES;
				GCC_C_LANGUAGE_STANDARD = gnu99;
				GCC_NO_COMMON_BLOCKS = YES;
				GCC_WARN_64_TO_32_BIT_CONVERSION = YES;
				GCC_WARN_ABOUT_RETURN_TYPE = YES_ERROR;
				GCC_WARN_UNDECLARED_SELECTOR = YES;
				GCC_WARN_UNINITIALIZED_AUTOS = YES_AGGRESSIVE;
				GCC_WARN_UNUSED_FUNCTION = YES;
				GCC_WARN_UNUSED_VARIABLE = YES;
				IPHONEOS_DEPLOYMENT_TARGET = 9.3;
				MTL_ENABLE_DEBUG_INFO = NO;
				SDKROOT = iphoneos;
				VALIDATE_PRODUCT = YES;
			};
			name = Release;
		};
		EBDBD5D81D685A5A00984EC4 /* Debug */ = {
			isa = XCBuildConfiguration;
			baseConfigurationReference = 517B851E18F16DBA82197090 /* Pods-Travel.debug.xcconfig */;
			buildSettings = {
				ASSETCATALOG_COMPILER_APPICON_NAME = AppIcon;
				CLANG_ENABLE_MODULES = YES;
				INFOPLIST_FILE = "$(SRCROOT)/Travel/Entry point/Info.plist";
				IPHONEOS_DEPLOYMENT_TARGET = 7.0;
				LD_RUNPATH_SEARCH_PATHS = "$(inherited) @executable_path/Frameworks";
				PRODUCT_BUNDLE_IDENTIFIER = test.test.Travel;
				PRODUCT_NAME = "$(TARGET_NAME)";
				SWIFT_OBJC_BRIDGING_HEADER = "Travel/Entry point/Travel-Bridging-Header.h";
				SWIFT_OPTIMIZATION_LEVEL = "-Onone";
			};
			name = Debug;
		};
		EBDBD5D91D685A5A00984EC4 /* Release */ = {
			isa = XCBuildConfiguration;
			baseConfigurationReference = 35ECFC4DE06F4D451877DCE6 /* Pods-Travel.release.xcconfig */;
			buildSettings = {
				ASSETCATALOG_COMPILER_APPICON_NAME = AppIcon;
				CLANG_ENABLE_MODULES = YES;
				INFOPLIST_FILE = "$(SRCROOT)/Travel/Entry point/Info.plist";
				IPHONEOS_DEPLOYMENT_TARGET = 7.0;
				LD_RUNPATH_SEARCH_PATHS = "$(inherited) @executable_path/Frameworks";
				PRODUCT_BUNDLE_IDENTIFIER = test.test.Travel;
				PRODUCT_NAME = "$(TARGET_NAME)";
				SWIFT_OBJC_BRIDGING_HEADER = "Travel/Entry point/Travel-Bridging-Header.h";
			};
			name = Release;
		};
		EBDBD60C1D6888AE00984EC4 /* Debug */ = {
			isa = XCBuildConfiguration;
			baseConfigurationReference = 7AF62B7C5273C7C15141AD8A /* Pods-TravelUnitTests.debug.xcconfig */;
			buildSettings = {
				BUNDLE_LOADER = "$(TEST_HOST)";
				INFOPLIST_FILE = TravelUnitTests/Info.plist;
				LD_RUNPATH_SEARCH_PATHS = "$(inherited) @executable_path/Frameworks @loader_path/Frameworks";
				PRODUCT_BUNDLE_IDENTIFIER = test.test.TravelUnitTests;
				PRODUCT_NAME = "$(TARGET_NAME)";
				SWIFT_OPTIMIZATION_LEVEL = "-Onone";
				TEST_HOST = "$(BUILT_PRODUCTS_DIR)/Travel.app/Travel";
			};
			name = Debug;
		};
		EBDBD60D1D6888AE00984EC4 /* Release */ = {
			isa = XCBuildConfiguration;
			baseConfigurationReference = 3ECEF06ACA4E592C5002AD17 /* Pods-TravelUnitTests.release.xcconfig */;
			buildSettings = {
				BUNDLE_LOADER = "$(TEST_HOST)";
				INFOPLIST_FILE = TravelUnitTests/Info.plist;
				LD_RUNPATH_SEARCH_PATHS = "$(inherited) @executable_path/Frameworks @loader_path/Frameworks";
				PRODUCT_BUNDLE_IDENTIFIER = test.test.TravelUnitTests;
				PRODUCT_NAME = "$(TARGET_NAME)";
				TEST_HOST = "$(BUILT_PRODUCTS_DIR)/Travel.app/Travel";
			};
			name = Release;
		};
/* End XCBuildConfiguration section */

/* Begin XCConfigurationList section */
		EBDBD5BB1D685A5900984EC4 /* Build configuration list for PBXProject "Travel" */ = {
			isa = XCConfigurationList;
			buildConfigurations = (
				EBDBD5D51D685A5A00984EC4 /* Debug */,
				EBDBD5D61D685A5A00984EC4 /* Release */,
			);
			defaultConfigurationIsVisible = 0;
			defaultConfigurationName = Release;
		};
		EBDBD5D71D685A5A00984EC4 /* Build configuration list for PBXNativeTarget "Travel" */ = {
			isa = XCConfigurationList;
			buildConfigurations = (
				EBDBD5D81D685A5A00984EC4 /* Debug */,
				EBDBD5D91D685A5A00984EC4 /* Release */,
			);
			defaultConfigurationIsVisible = 0;
			defaultConfigurationName = Release;
		};
		EBDBD60B1D6888AE00984EC4 /* Build configuration list for PBXNativeTarget "TravelUnitTests" */ = {
			isa = XCConfigurationList;
			buildConfigurations = (
				EBDBD60C1D6888AE00984EC4 /* Debug */,
				EBDBD60D1D6888AE00984EC4 /* Release */,
			);
			defaultConfigurationIsVisible = 0;
			defaultConfigurationName = Release;
		};
/* End XCConfigurationList section */
	};
	rootObject = EBDBD5B81D685A5900984EC4 /* Project object */;
}
