// !$*UTF8*$!
{
	archiveVersion = 1;
	classes = {
	};
	objectVersion = 46;
	objects = {

/* Begin PBXBuildFile section */
		EBDBD5C51D685A5A00984EC4 /* main.m in Sources */ = {isa = PBXBuildFile; fileRef = EBDBD5C41D685A5A00984EC4 /* main.m */; };
		EBDBD5C81D685A5A00984EC4 /* AppDelegate.m in Sources */ = {isa = PBXBuildFile; fileRef = EBDBD5C71D685A5A00984EC4 /* AppDelegate.m */; };
		EBDBD5CB1D685A5A00984EC4 /* ViewController.m in Sources */ = {isa = PBXBuildFile; fileRef = EBDBD5CA1D685A5A00984EC4 /* ViewController.m */; };
		EBDBD5CE1D685A5A00984EC4 /* Main.storyboard in Resources */ = {isa = PBXBuildFile; fileRef = EBDBD5CC1D685A5A00984EC4 /* Main.storyboard */; };
		EBDBD5D01D685A5A00984EC4 /* Assets.xcassets in Resources */ = {isa = PBXBuildFile; fileRef = EBDBD5CF1D685A5A00984EC4 /* Assets.xcassets */; };
		EBDBD5D31D685A5A00984EC4 /* LaunchScreen.storyboard in Resources */ = {isa = PBXBuildFile; fileRef = EBDBD5D11D685A5A00984EC4 /* LaunchScreen.storyboard */; };
/* End PBXBuildFile section */

/* Begin PBXFileReference section */
		EBDBD5C01D685A5900984EC4 /* Travel.app */ = {isa = PBXFileReference; explicitFileType = wrapper.application; includeInIndex = 0; path = Travel.app; sourceTree = BUILT_PRODUCTS_DIR; };
		EBDBD5C41D685A5A00984EC4 /* main.m */ = {isa = PBXFileReference; lastKnownFileType = sourcecode.c.objc; path = main.m; sourceTree = "<group>"; };
		EBDBD5C61D685A5A00984EC4 /* AppDelegate.h */ = {isa = PBXFileReference; lastKnownFileType = sourcecode.c.h; path = AppDelegate.h; sourceTree = "<group>"; };
		EBDBD5C71D685A5A00984EC4 /* AppDelegate.m */ = {isa = PBXFileReference; lastKnownFileType = sourcecode.c.objc; path = AppDelegate.m; sourceTree = "<group>"; };
		EBDBD5C91D685A5A00984EC4 /* ViewController.h */ = {isa = PBXFileReference; lastKnownFileType = sourcecode.c.h; path = ViewController.h; sourceTree = "<group>"; };
		EBDBD5CA1D685A5A00984EC4 /* ViewController.m */ = {isa = PBXFileReference; lastKnownFileType = sourcecode.c.objc; path = ViewController.m; sourceTree = "<group>"; };
		EBDBD5CD1D685A5A00984EC4 /* Base */ = {isa = PBXFileReference; lastKnownFileType = file.storyboard; name = Base; path = Base.lproj/Main.storyboard; sourceTree = "<group>"; };
		EBDBD5CF1D685A5A00984EC4 /* Assets.xcassets */ = {isa = PBXFileReference; lastKnownFileType = folder.assetcatalog; path = Assets.xcassets; sourceTree = "<group>"; };
		EBDBD5D21D685A5A00984EC4 /* Base */ = {isa = PBXFileReference; lastKnownFileType = file.storyboard; name = Base; path = Base.lproj/LaunchScreen.storyboard; sourceTree = "<group>"; };
		EBDBD5D41D685A5A00984EC4 /* Info.plist */ = {isa = PBXFileReference; lastKnownFileType = text.plist.xml; path = Info.plist; sourceTree = "<group>"; };
/* End PBXFileReference section */

/* Begin PBXFrameworksBuildPhase section */
		EBDBD5BD1D685A5900984EC4 /* Frameworks */ = {
			isa = PBXFrameworksBuildPhase;
			buildActionMask = 2147483647;
			files = (
			);
			runOnlyForDeploymentPostprocessing = 0;
		};
/* End PBXFrameworksBuildPhase section */

/* Begin PBXGroup section */
		EBDBD5B71D685A5900984EC4 = {
			isa = PBXGroup;
			children = (
				EBDBD5C21D685A5900984EC4 /* Travel */,
				EBDBD5C11D685A5900984EC4 /* Products */,
			);
			sourceTree = "<group>";
		};
		EBDBD5C11D685A5900984EC4 /* Products */ = {
			isa = PBXGroup;
			children = (
				EBDBD5C01D685A5900984EC4 /* Travel.app */,
			);
			name = Products;
			sourceTree = "<group>";
		};
		EBDBD5C21D685A5900984EC4 /* Travel */ = {
			isa = PBXGroup;
			children = (
				EBDBD5C61D685A5A00984EC4 /* AppDelegate.h */,
				EBDBD5C71D685A5A00984EC4 /* AppDelegate.m */,
				EBDBD5C91D685A5A00984EC4 /* ViewController.h */,
				EBDBD5CA1D685A5A00984EC4 /* ViewController.m */,
				EBDBD5CC1D685A5A00984EC4 /* Main.storyboard */,
				EBDBD5CF1D685A5A00984EC4 /* Assets.xcassets */,
				EBDBD5D11D685A5A00984EC4 /* LaunchScreen.storyboard */,
				EBDBD5D41D685A5A00984EC4 /* Info.plist */,
				EBDBD5C31D685A5900984EC4 /* Supporting Files */,
			);
			path = Travel;
			sourceTree = "<group>";
		};
		EBDBD5C31D685A5900984EC4 /* Supporting Files */ = {
			isa = PBXGroup;
			children = (
				EBDBD5C41D685A5A00984EC4 /* main.m */,
			);
			name = "Supporting Files";
			sourceTree = "<group>";
		};
/* End PBXGroup section */

/* Begin PBXNativeTarget section */
		EBDBD5BF1D685A5900984EC4 /* Travel */ = {
			isa = PBXNativeTarget;
			buildConfigurationList = EBDBD5D71D685A5A00984EC4 /* Build configuration list for PBXNativeTarget "Travel" */;
			buildPhases = (
				EBDBD5BC1D685A5900984EC4 /* Sources */,
				EBDBD5BD1D685A5900984EC4 /* Frameworks */,
				EBDBD5BE1D685A5900984EC4 /* Resources */,
			);
			buildRules = (
			);
			dependencies = (
			);
			name = Travel;
			productName = Travel;
			productReference = EBDBD5C01D685A5900984EC4 /* Travel.app */;
			productType = "com.apple.product-type.application";
		};
/* End PBXNativeTarget section */

/* Begin PBXProject section */
		EBDBD5B81D685A5900984EC4 /* Project object */ = {
			isa = PBXProject;
			attributes = {
				LastUpgradeCheck = 0730;
				ORGANIZATIONNAME = test;
				TargetAttributes = {
					EBDBD5BF1D685A5900984EC4 = {
						CreatedOnToolsVersion = 7.3.1;
					};
				};
			};
			buildConfigurationList = EBDBD5BB1D685A5900984EC4 /* Build configuration list for PBXProject "Travel" */;
			compatibilityVersion = "Xcode 3.2";
			developmentRegion = English;
			hasScannedForEncodings = 0;
			knownRegions = (
				en,
				Base,
			);
			mainGroup = EBDBD5B71D685A5900984EC4;
			productRefGroup = EBDBD5C11D685A5900984EC4 /* Products */;
			projectDirPath = "";
			projectRoot = "";
			targets = (
				EBDBD5BF1D685A5900984EC4 /* Travel */,
			);
		};
/* End PBXProject section */

/* Begin PBXResourcesBuildPhase section */
		EBDBD5BE1D685A5900984EC4 /* Resources */ = {
			isa = PBXResourcesBuildPhase;
			buildActionMask = 2147483647;
			files = (
				EBDBD5D31D685A5A00984EC4 /* LaunchScreen.storyboard in Resources */,
				EBDBD5D01D685A5A00984EC4 /* Assets.xcassets in Resources */,
				EBDBD5CE1D685A5A00984EC4 /* Main.storyboard in Resources */,
			);
			runOnlyForDeploymentPostprocessing = 0;
		};
/* End PBXResourcesBuildPhase section */

/* Begin PBXSourcesBuildPhase section */
		EBDBD5BC1D685A5900984EC4 /* Sources */ = {
			isa = PBXSourcesBuildPhase;
			buildActionMask = 2147483647;
			files = (
				EBDBD5CB1D685A5A00984EC4 /* ViewController.m in Sources */,
				EBDBD5C81D685A5A00984EC4 /* AppDelegate.m in Sources */,
				EBDBD5C51D685A5A00984EC4 /* main.m in Sources */,
			);
			runOnlyForDeploymentPostprocessing = 0;
		};
/* End PBXSourcesBuildPhase section */

/* Begin PBXVariantGroup section */
		EBDBD5CC1D685A5A00984EC4 /* Main.storyboard */ = {
			isa = PBXVariantGroup;
			children = (
				EBDBD5CD1D685A5A00984EC4 /* Base */,
			);
			name = Main.storyboard;
			sourceTree = "<group>";
		};
		EBDBD5D11D685A5A00984EC4 /* LaunchScreen.storyboard */ = {
			isa = PBXVariantGroup;
			children = (
				EBDBD5D21D685A5A00984EC4 /* Base */,
			);
			name = LaunchScreen.storyboard;
			sourceTree = "<group>";
		};
/* End PBXVariantGroup section */

/* Begin XCBuildConfiguration section */
		EBDBD5D51D685A5A00984EC4 /* Debug */ = {
			isa = XCBuildConfiguration;
			buildSettings = {
				ALWAYS_SEARCH_USER_PATHS = NO;
				CLANG_ANALYZER_NONNULL = YES;
				CLANG_CXX_LANGUAGE_STANDARD = "gnu++0x";
				CLANG_CXX_LIBRARY = "libc++";
				CLANG_ENABLE_MODULES = YES;
				CLANG_ENABLE_OBJC_ARC = YES;
				CLANG_WARN_BOOL_CONVERSION = YES;
				CLANG_WARN_CONSTANT_CONVERSION = YES;
				CLANG_WARN_DIRECT_OBJC_ISA_USAGE = YES_ERROR;
				CLANG_WARN_EMPTY_BODY = YES;
				CLANG_WARN_ENUM_CONVERSION = YES;
				CLANG_WARN_INT_CONVERSION = YES;
				CLANG_WARN_OBJC_ROOT_CLASS = YES_ERROR;
				CLANG_WARN_UNREACHABLE_CODE = YES;
				CLANG_WARN__DUPLICATE_METHOD_MATCH = YES;
				"CODE_SIGN_IDENTITY[sdk=iphoneos*]" = "iPhone Developer";
				COPY_PHASE_STRIP = NO;
				DEBUG_INFORMATION_FORMAT = dwarf;
				ENABLE_STRICT_OBJC_MSGSEND = YES;
				ENABLE_TESTABILITY = YES;
				GCC_C_LANGUAGE_STANDARD = gnu99;
				GCC_DYNAMIC_NO_PIC = NO;
				GCC_NO_COMMON_BLOCKS = YES;
				GCC_OPTIMIZATION_LEVEL = 0;
				GCC_PREPROCESSOR_DEFINITIONS = (
					"DEBUG=1",
					"$(inherited)",
				);
				GCC_WARN_64_TO_32_BIT_CONVERSION = YES;
				GCC_WARN_ABOUT_RETURN_TYPE = YES_ERROR;
				GCC_WARN_UNDECLARED_SELECTOR = YES;
				GCC_WARN_UNINITIALIZED_AUTOS = YES_AGGRESSIVE;
				GCC_WARN_UNUSED_FUNCTION = YES;
				GCC_WARN_UNUSED_VARIABLE = YES;
				IPHONEOS_DEPLOYMENT_TARGET = 9.3;
				MTL_ENABLE_DEBUG_INFO = YES;
				ONLY_ACTIVE_ARCH = YES;
				SDKROOT = iphoneos;
			};
			name = Debug;
		};
		EBDBD5D61D685A5A00984EC4 /* Release */ = {
			isa = XCBuildConfiguration;
			buildSettings = {
				ALWAYS_SEARCH_USER_PATHS = NO;
				CLANG_ANALYZER_NONNULL = YES;
				CLANG_CXX_LANGUAGE_STANDARD = "gnu++0x";
				CLANG_CXX_LIBRARY = "libc++";
				CLANG_ENABLE_MODULES = YES;
				CLANG_ENABLE_OBJC_ARC = YES;
				CLANG_WARN_BOOL_CONVERSION = YES;
				CLANG_WARN_CONSTANT_CONVERSION = YES;
				CLANG_WARN_DIRECT_OBJC_ISA_USAGE = YES_ERROR;
				CLANG_WARN_EMPTY_BODY = YES;
				CLANG_WARN_ENUM_CONVERSION = YES;
				CLANG_WARN_INT_CONVERSION = YES;
				CLANG_WARN_OBJC_ROOT_CLASS = YES_ERROR;
				CLANG_WARN_UNREACHABLE_CODE = YES;
				CLANG_WARN__DUPLICATE_METHOD_MATCH = YES;
				"CODE_SIGN_IDENTITY[sdk=iphoneos*]" = "iPhone Developer";
				COPY_PHASE_STRIP = NO;
				DEBUG_INFORMATION_FORMAT = "dwarf-with-dsym";
				ENABLE_NS_ASSERTIONS = NO;
				ENABLE_STRICT_OBJC_MSGSEND = YES;
				GCC_C_LANGUAGE_STANDARD = gnu99;
				GCC_NO_COMMON_BLOCKS = YES;
				GCC_WARN_64_TO_32_BIT_CONVERSION = YES;
				GCC_WARN_ABOUT_RETURN_TYPE = YES_ERROR;
				GCC_WARN_UNDECLARED_SELECTOR = YES;
				GCC_WARN_UNINITIALIZED_AUTOS = YES_AGGRESSIVE;
				GCC_WARN_UNUSED_FUNCTION = YES;
				GCC_WARN_UNUSED_VARIABLE = YES;
				IPHONEOS_DEPLOYMENT_TARGET = 9.3;
				MTL_ENABLE_DEBUG_INFO = NO;
				SDKROOT = iphoneos;
				VALIDATE_PRODUCT = YES;
			};
			name = Release;
		};
		EBDBD5D81D685A5A00984EC4 /* Debug */ = {
			isa = XCBuildConfiguration;
			buildSettings = {
				ASSETCATALOG_COMPILER_APPICON_NAME = AppIcon;
				INFOPLIST_FILE = Travel/Info.plist;
				LD_RUNPATH_SEARCH_PATHS = "$(inherited) @executable_path/Frameworks";
				PRODUCT_BUNDLE_IDENTIFIER = test.test.Travel;
				PRODUCT_NAME = "$(TARGET_NAME)";
			};
			name = Debug;
		};
		EBDBD5D91D685A5A00984EC4 /* Release */ = {
			isa = XCBuildConfiguration;
			buildSettings = {
				ASSETCATALOG_COMPILER_APPICON_NAME = AppIcon;
				INFOPLIST_FILE = Travel/Info.plist;
				LD_RUNPATH_SEARCH_PATHS = "$(inherited) @executable_path/Frameworks";
				PRODUCT_BUNDLE_IDENTIFIER = test.test.Travel;
				PRODUCT_NAME = "$(TARGET_NAME)";
			};
			name = Release;
		};
/* End XCBuildConfiguration section */

/* Begin XCConfigurationList section */
		EBDBD5BB1D685A5900984EC4 /* Build configuration list for PBXProject "Travel" */ = {
			isa = XCConfigurationList;
			buildConfigurations = (
				EBDBD5D51D685A5A00984EC4 /* Debug */,
				EBDBD5D61D685A5A00984EC4 /* Release */,
			);
			defaultConfigurationIsVisible = 0;
			defaultConfigurationName = Release;
		};
		EBDBD5D71D685A5A00984EC4 /* Build configuration list for PBXNativeTarget "Travel" */ = {
			isa = XCConfigurationList;
			buildConfigurations = (
				EBDBD5D81D685A5A00984EC4 /* Debug */,
				EBDBD5D91D685A5A00984EC4 /* Release */,
			);
			defaultConfigurationIsVisible = 0;
		};
/* End XCConfigurationList section */
	};
	rootObject = EBDBD5B81D685A5900984EC4 /* Project object */;
}
